
Microsoft Visual Studio Solution File, Format Version 12.00
# Visual Studio Version 16
VisualStudioVersion = 16.0.30611.23
MinimumVisualStudioVersion = 10.0.40219.1
Project("{FAE04EC0-301F-11D3-BF4B-00C04F79EFBC}") = "SandBoxEngine", "SandBoxEngine\SandBoxEngine.csproj", "{04018668-20D2-4FBC-88E6-38905F39FE12}"
EndProject
Global
	GlobalSection(SolutionConfigurationPlatforms) = preSolution
		Debug|Any CPU = Debug|Any CPU
		Release|Any CPU = Release|Any CPU
	EndGlobalSection
	GlobalSection(ProjectConfigurationPlatforms) = postSolution
		{04018668-20D2-4FBC-88E6-38905F39FE12}.Debug|Any CPU.ActiveCfg = Debug|Any CPU
		{04018668-20D2-4FBC-88E6-38905F39FE12}.Debug|Any CPU.Build.0 = Debug|Any CPU
		{04018668-20D2-4FBC-88E6-38905F39FE12}.Release|Any CPU.ActiveCfg = Release|Any CPU
		{04018668-20D2-4FBC-88E6-38905F39FE12}.Release|Any CPU.Build.0 = Release|Any CPU
	EndGlobalSection
	GlobalSection(SolutionProperties) = preSolution
		HideSolutionNode = FALSE
	EndGlobalSection
	GlobalSection(ExtensibilityGlobals) = postSolution
		SolutionGuid = {E1C411D3-45C6-43F8-90D0-91994FE669C4}
	EndGlobalSection
EndGlobal
